
Microsoft Visual Studio Solution File, Format Version 12.00
# Visual Studio Version 17
VisualStudioVersion = 17.5.33502.453
MinimumVisualStudioVersion = 10.0.40219.1
Project("{FAE04EC0-301F-11D3-BF4B-00C04F79EFBC}") = "LOGIN", "LOGIN\LOGIN.csproj", "{A8B4280A-3372-460E-9624-8932D70E505A}"
EndProject
Global
	GlobalSection(SolutionConfigurationPlatforms) = preSolution
		Debug|Any CPU = Debug|Any CPU
		Release|Any CPU = Release|Any CPU
	EndGlobalSection
	GlobalSection(ProjectConfigurationPlatforms) = postSolution
		{A8B4280A-3372-460E-9624-8932D70E505A}.Debug|Any CPU.ActiveCfg = Debug|Any CPU
		{A8B4280A-3372-460E-9624-8932D70E505A}.Debug|Any CPU.Build.0 = Debug|Any CPU
		{A8B4280A-3372-460E-9624-8932D70E505A}.Release|Any CPU.ActiveCfg = Release|Any CPU
		{A8B4280A-3372-460E-9624-8932D70E505A}.Release|Any CPU.Build.0 = Release|Any CPU
	EndGlobalSection
	GlobalSection(SolutionProperties) = preSolution
		HideSolutionNode = FALSE
	EndGlobalSection
	GlobalSection(ExtensibilityGlobals) = postSolution
		SolutionGuid = {F2D25010-F597-4904-8348-75FDDB4B5824}
	EndGlobalSection
EndGlobal
